
Microsoft Visual Studio Solution File, Format Version 12.00
# Visual Studio Version 16
VisualStudioVersion = 16.0.30404.54
MinimumVisualStudioVersion = 10.0.40219.1
Project("{9A19103F-16F7-4668-BE54-9A1E7A4F7556}") = "pogged", "pogged\pogged.csproj", "{F4E3C33F-468C-4B3E-926B-7A6C2D8BDB9B}"
EndProject
Project("{9A19103F-16F7-4668-BE54-9A1E7A4F7556}") = "pogged.Web", "pogged.Web\pogged.Web.csproj", "{327A7090-3E12-4381-92BE-B59CA4581536}"
EndProject
Project("{9A19103F-16F7-4668-BE54-9A1E7A4F7556}") = "pogged.Fetch", "pogged.Fetch\pogged.Fetch.csproj", "{56684FDA-7CA1-402B-87BD-1CBC2E5BEB1F}"
EndProject
Global
	GlobalSection(SolutionConfigurationPlatforms) = preSolution
		Debug|Any CPU = Debug|Any CPU
		Release|Any CPU = Release|Any CPU
	EndGlobalSection
	GlobalSection(ProjectConfigurationPlatforms) = postSolution
		{F4E3C33F-468C-4B3E-926B-7A6C2D8BDB9B}.Debug|Any CPU.ActiveCfg = Debug|Any CPU
		{F4E3C33F-468C-4B3E-926B-7A6C2D8BDB9B}.Debug|Any CPU.Build.0 = Debug|Any CPU
		{F4E3C33F-468C-4B3E-926B-7A6C2D8BDB9B}.Release|Any CPU.ActiveCfg = Release|Any CPU
		{F4E3C33F-468C-4B3E-926B-7A6C2D8BDB9B}.Release|Any CPU.Build.0 = Release|Any CPU
		{327A7090-3E12-4381-92BE-B59CA4581536}.Debug|Any CPU.ActiveCfg = Debug|Any CPU
		{327A7090-3E12-4381-92BE-B59CA4581536}.Debug|Any CPU.Build.0 = Debug|Any CPU
		{327A7090-3E12-4381-92BE-B59CA4581536}.Release|Any CPU.ActiveCfg = Release|Any CPU
		{327A7090-3E12-4381-92BE-B59CA4581536}.Release|Any CPU.Build.0 = Release|Any CPU
		{56684FDA-7CA1-402B-87BD-1CBC2E5BEB1F}.Debug|Any CPU.ActiveCfg = Debug|Any CPU
		{56684FDA-7CA1-402B-87BD-1CBC2E5BEB1F}.Debug|Any CPU.Build.0 = Debug|Any CPU
		{56684FDA-7CA1-402B-87BD-1CBC2E5BEB1F}.Release|Any CPU.ActiveCfg = Release|Any CPU
		{56684FDA-7CA1-402B-87BD-1CBC2E5BEB1F}.Release|Any CPU.Build.0 = Release|Any CPU
	EndGlobalSection
	GlobalSection(SolutionProperties) = preSolution
		HideSolutionNode = FALSE
	EndGlobalSection
	GlobalSection(ExtensibilityGlobals) = postSolution
		SolutionGuid = {96CE7BFE-88DA-47A8-BD3D-5F0C234702A9}
	EndGlobalSection
EndGlobal
